{
  "version": 4,
  "terraform_version": "0.12.24",
  "serial": 5,
  "lineage": "f875c73c-9bee-1552-d09b-1e758181bd0e",
  "outputs": {},
  "resources": [
    {
      "mode": "data",
      "type": "aws_region",
      "name": "current",
      "provider": "provider.aws",
      "instances": [
        {
          "schema_version": 0,
          "attributes": {
            "current": null,
            "description": "US East (N. Virginia)",
            "endpoint": "ec2.us-east-1.amazonaws.com",
            "id": "us-east-1",
            "name": "us-east-1"
          }
        }
      ]
    },
    {
      "mode": "managed",
      "type": "aws_cloudwatch_event_rule",
      "name": "trigger-Lambda",
      "provider": "provider.aws",
      "instances": [
        {
          "schema_version": 0,
          "attributes": {
            "arn": "arn:aws:events:us-east-1:399728276788:rule/trigger-lambda-app",
            "description": "Triggers the Lambda function HelloWorld every 10 minutes",
            "event_pattern": null,
            "id": "trigger-lambda-app",
            "is_enabled": true,
            "name": "trigger-lambda-app",
            "name_prefix": null,
            "role_arn": "",
            "schedule_expression": "rate(10 minutes)",
            "tags": null
          },
          "private": "bnVsbA=="
        }
      ]
    },
    {
      "mode": "managed",
      "type": "aws_cloudwatch_event_target",
      "name": "lambda-HelloWorld",
      "provider": "provider.aws",
      "instances": []
    },
    {
      "mode": "managed",
      "type": "aws_kms_key",
      "name": "samh-kms",
      "provider": "provider.aws",
      "instances": [
        {
          "schema_version": 0,
          "attributes": {
            "arn": "arn:aws:kms:us-east-1:399728276788:key/42af37b8-78f6-4b83-942a-74eb4c37e47f",
            "customer_master_key_spec": "SYMMETRIC_DEFAULT",
            "deletion_window_in_days": 7,
            "description": "Sam KMS for S3 buckets",
            "enable_key_rotation": true,
            "id": "42af37b8-78f6-4b83-942a-74eb4c37e47f",
            "is_enabled": true,
            "key_id": "42af37b8-78f6-4b83-942a-74eb4c37e47f",
            "key_usage": "ENCRYPT_DECRYPT",
            "policy": "{\"Id\":\"key-default-1\",\"Statement\":[{\"Action\":\"kms:*\",\"Effect\":\"Allow\",\"Principal\":{\"AWS\":\"arn:aws:iam::399728276788:root\"},\"Resource\":\"*\",\"Sid\":\"Enable IAM User Permissions\"}],\"Version\":\"2012-10-17\"}",
            "tags": null
          },
          "private": "bnVsbA=="
        }
      ]
    },
    {
      "mode": "managed",
      "type": "aws_lambda_function",
      "name": "lambda-HelloWorld",
      "provider": "provider.aws",
      "instances": []
    },
    {
      "mode": "managed",
      "type": "aws_s3_bucket",
      "name": "assets",
      "provider": "provider.aws",
      "instances": [
        {
          "schema_version": 0,
          "attributes": {
            "acceleration_status": "",
            "acl": "public-read",
            "arn": "arn:aws:s3:::samh-assets",
            "bucket": "samh-assets",
            "bucket_domain_name": "samh-assets.s3.amazonaws.com",
            "bucket_prefix": null,
            "bucket_regional_domain_name": "samh-assets.s3.amazonaws.com",
            "cors_rule": [],
            "force_destroy": false,
            "grant": [],
            "hosted_zone_id": "Z3AQBSTGFYJSTF",
            "id": "samh-assets",
            "lifecycle_rule": [],
            "logging": [],
            "object_lock_configuration": [],
            "policy": null,
            "region": "us-east-1",
            "replication_configuration": [],
            "request_payer": "BucketOwner",
            "server_side_encryption_configuration": [],
            "tags": {
              "For": "AWS_Lambda"
            },
            "versioning": [
              {
                "enabled": true,
                "mfa_delete": false
              }
            ],
            "website": [],
            "website_domain": null,
            "website_endpoint": null
          },
          "private": "bnVsbA=="
        }
      ]
    },
    {
      "mode": "managed",
      "type": "aws_s3_bucket_object",
      "name": "app-file",
      "provider": "provider.aws",
      "instances": [
        {
          "schema_version": 0,
          "attributes": {
            "acl": "public-read",
            "bucket": "samh-assets",
            "cache_control": "",
            "content": null,
            "content_base64": null,
            "content_disposition": "",
            "content_encoding": "",
            "content_language": "",
            "content_type": "binary/octet-stream",
            "etag": "b4fb6689b54beee6a9ca6d3c59365f9d",
            "force_destroy": false,
            "id": "app.zip",
            "key": "app.zip",
            "kms_key_id": "arn:aws:kms:us-east-1:399728276788:key/42af37b8-78f6-4b83-942a-74eb4c37e47f",
            "metadata": null,
            "object_lock_legal_hold_status": "",
            "object_lock_mode": "",
            "object_lock_retain_until_date": "",
            "server_side_encryption": "aws:kms",
            "source": "app.zip",
            "storage_class": "STANDARD",
            "tags": null,
            "version_id": "A9LpCMLvTze5Idm4dIyrGY1mZ_i5Gleo",
            "website_redirect": ""
          },
          "private": "bnVsbA==",
          "dependencies": [
            "aws_kms_key.samh-kms",
            "aws_s3_bucket.assets"
          ]
        }
      ]
    }
  ]
}
